
Microsoft Visual Studio Solution File, Format Version 12.00
# Visual Studio Version 16
VisualStudioVersion = 16.0.30503.244
MinimumVisualStudioVersion = 10.0.40219.1
Project("{FAE04EC0-301F-11D3-BF4B-00C04F79EFBC}") = "HW1", "HW1\HW1.csproj", "{2287E4D6-73B0-484D-9CFC-F27A7A6D7D0E}"
EndProject
Global
	GlobalSection(SolutionConfigurationPlatforms) = preSolution
		Debug|Any CPU = Debug|Any CPU
		Release|Any CPU = Release|Any CPU
	EndGlobalSection
	GlobalSection(ProjectConfigurationPlatforms) = postSolution
		{2287E4D6-73B0-484D-9CFC-F27A7A6D7D0E}.Debug|Any CPU.ActiveCfg = Debug|Any CPU
		{2287E4D6-73B0-484D-9CFC-F27A7A6D7D0E}.Debug|Any CPU.Build.0 = Debug|Any CPU
		{2287E4D6-73B0-484D-9CFC-F27A7A6D7D0E}.Release|Any CPU.ActiveCfg = Release|Any CPU
		{2287E4D6-73B0-484D-9CFC-F27A7A6D7D0E}.Release|Any CPU.Build.0 = Release|Any CPU
	EndGlobalSection
	GlobalSection(SolutionProperties) = preSolution
		HideSolutionNode = FALSE
	EndGlobalSection
	GlobalSection(ExtensibilityGlobals) = postSolution
		SolutionGuid = {941793D5-702F-4601-B687-2D2E262322C8}
	EndGlobalSection
EndGlobal
